
Microsoft Visual Studio Solution File, Format Version 12.00
# Visual Studio Version 17
VisualStudioVersion = 17.11.35312.102
MinimumVisualStudioVersion = 10.0.40219.1
Project("{FAE04EC0-301F-11D3-BF4B-00C04F79EFBC}") = "CrudNew", "CrudNew.csproj", "{DB078AE6-BE03-4F37-903E-57965888B205}"
EndProject
Global
	GlobalSection(SolutionConfigurationPlatforms) = preSolution
		Debug|Any CPU = Debug|Any CPU
		Release|Any CPU = Release|Any CPU
	EndGlobalSection
	GlobalSection(ProjectConfigurationPlatforms) = postSolution
		{DB078AE6-BE03-4F37-903E-57965888B205}.Debug|Any CPU.ActiveCfg = Debug|Any CPU
		{DB078AE6-BE03-4F37-903E-57965888B205}.Debug|Any CPU.Build.0 = Debug|Any CPU
		{DB078AE6-BE03-4F37-903E-57965888B205}.Release|Any CPU.ActiveCfg = Release|Any CPU
		{DB078AE6-BE03-4F37-903E-57965888B205}.Release|Any CPU.Build.0 = Release|Any CPU
	EndGlobalSection
	GlobalSection(SolutionProperties) = preSolution
		HideSolutionNode = FALSE
	EndGlobalSection
	GlobalSection(ExtensibilityGlobals) = postSolution
		SolutionGuid = {EE75F5E5-42C5-41FF-B293-8822B7E4766B}
	EndGlobalSection
EndGlobal
